
Microsoft Visual Studio Solution File, Format Version 12.00
# Visual Studio Version 17
VisualStudioVersion = 17.8.34330.188
MinimumVisualStudioVersion = 10.0.40219.1
Project("{FAE04EC0-301F-11D3-BF4B-00C04F79EFBC}") = "WhatABook", "WhatABook.csproj", "{C032B450-0429-4489-968B-D970FF51C347}"
EndProject
Global
	GlobalSection(SolutionConfigurationPlatforms) = preSolution
		Debug|Any CPU = Debug|Any CPU
		Release|Any CPU = Release|Any CPU
	EndGlobalSection
	GlobalSection(ProjectConfigurationPlatforms) = postSolution
		{C032B450-0429-4489-968B-D970FF51C347}.Debug|Any CPU.ActiveCfg = Debug|Any CPU
		{C032B450-0429-4489-968B-D970FF51C347}.Debug|Any CPU.Build.0 = Debug|Any CPU
		{C032B450-0429-4489-968B-D970FF51C347}.Release|Any CPU.ActiveCfg = Release|Any CPU
		{C032B450-0429-4489-968B-D970FF51C347}.Release|Any CPU.Build.0 = Release|Any CPU
	EndGlobalSection
	GlobalSection(SolutionProperties) = preSolution
		HideSolutionNode = FALSE
	EndGlobalSection
	GlobalSection(ExtensibilityGlobals) = postSolution
		SolutionGuid = {EB2D4940-1A77-4110-B251-43EE647CACC6}
	EndGlobalSection
EndGlobal
